
Microsoft Visual Studio Solution File, Format Version 12.00
# Visual Studio 15
VisualStudioVersion = 15.0.28307.539
MinimumVisualStudioVersion = 10.0.40219.1
Project("{FAE04EC0-301F-11D3-BF4B-00C04F79EFBC}") = "SafetyModule", "SafetyModule\SafetyModule.csproj", "{B32A9DD9-89BA-4B16-8565-D3304A25A0E6}"
EndProject
Global
	GlobalSection(SolutionConfigurationPlatforms) = preSolution
		Debug|Any CPU = Debug|Any CPU
		Release|Any CPU = Release|Any CPU
	EndGlobalSection
	GlobalSection(ProjectConfigurationPlatforms) = postSolution
		{B32A9DD9-89BA-4B16-8565-D3304A25A0E6}.Debug|Any CPU.ActiveCfg = Debug|Any CPU
		{B32A9DD9-89BA-4B16-8565-D3304A25A0E6}.Debug|Any CPU.Build.0 = Debug|Any CPU
		{B32A9DD9-89BA-4B16-8565-D3304A25A0E6}.Release|Any CPU.ActiveCfg = Release|Any CPU
		{B32A9DD9-89BA-4B16-8565-D3304A25A0E6}.Release|Any CPU.Build.0 = Release|Any CPU
	EndGlobalSection
	GlobalSection(SolutionProperties) = preSolution
		HideSolutionNode = FALSE
	EndGlobalSection
	GlobalSection(ExtensibilityGlobals) = postSolution
		SolutionGuid = {B48A5119-9C53-4BBB-9CEE-55AFE849562D}
	EndGlobalSection
EndGlobal
